
Microsoft Visual Studio Solution File, Format Version 12.00
# Visual Studio Version 17
VisualStudioVersion = 17.8.34330.188
MinimumVisualStudioVersion = 10.0.40219.1
Project("{FAE04EC0-301F-11D3-BF4B-00C04F79EFBC}") = "XML by Android", "XML by Android\XML by Android.csproj", "{6CEFDF75-424F-4F17-A5B0-BE4FDB5EE799}"
EndProject
Global
	GlobalSection(SolutionConfigurationPlatforms) = preSolution
		Debug|Any CPU = Debug|Any CPU
		Release|Any CPU = Release|Any CPU
	EndGlobalSection
	GlobalSection(ProjectConfigurationPlatforms) = postSolution
		{6CEFDF75-424F-4F17-A5B0-BE4FDB5EE799}.Debug|Any CPU.ActiveCfg = Debug|Any CPU
		{6CEFDF75-424F-4F17-A5B0-BE4FDB5EE799}.Debug|Any CPU.Build.0 = Debug|Any CPU
		{6CEFDF75-424F-4F17-A5B0-BE4FDB5EE799}.Release|Any CPU.ActiveCfg = Release|Any CPU
		{6CEFDF75-424F-4F17-A5B0-BE4FDB5EE799}.Release|Any CPU.Build.0 = Release|Any CPU
	EndGlobalSection
	GlobalSection(SolutionProperties) = preSolution
		HideSolutionNode = FALSE
	EndGlobalSection
	GlobalSection(ExtensibilityGlobals) = postSolution
		SolutionGuid = {685F655D-4804-40CC-9F79-829BED9AB72E}
	EndGlobalSection
EndGlobal
